// !$*UTF8*$!
{
	archiveVersion = 1;
	classes = {
	};
	objectVersion = 50;
	objects = {

/* Begin PBXBuildFile section */
		C26888E6235E402300BEF8D3 /* View2.cpp in Sources */ = {isa = PBXBuildFile; fileRef = C26888E4235E402300BEF8D3 /* View2.cpp */; };
		C26888E7235E402300BEF8D3 /* View2.h in Headers */ = {isa = PBXBuildFile; fileRef = C26888E5235E402300BEF8D3 /* View2.h */; };
		C26888EA235E427A00BEF8D3 /* libBaseClassesLib.dylib in Frameworks */ = {isa = PBXBuildFile; fileRef = C26888E9235E427A00BEF8D3 /* libBaseClassesLib.dylib */; };
		C26888EE235E467200BEF8D3 /* OverridesMap.cpp in Sources */ = {isa = PBXBuildFile; fileRef = C26888ED235E467200BEF8D3 /* OverridesMap.cpp */; };
/* End PBXBuildFile section */

/* Begin PBXFileReference section */
		C26888CC235E3ECB00BEF8D3 /* libOverridesLib.dylib */ = {isa = PBXFileReference; explicitFileType = "compiled.mach-o.dylib"; includeInIndex = 0; path = libOverridesLib.dylib; sourceTree = BUILT_PRODUCTS_DIR; };
		C26888E4235E402300BEF8D3 /* View2.cpp */ = {isa = PBXFileReference; lastKnownFileType = sourcecode.cpp.cpp; path = View2.cpp; sourceTree = "<group>"; };
		C26888E5235E402300BEF8D3 /* View2.h */ = {isa = PBXFileReference; lastKnownFileType = sourcecode.c.h; path = View2.h; sourceTree = "<group>"; };
		C26888E9235E427A00BEF8D3 /* libBaseClassesLib.dylib */ = {isa = PBXFileReference; explicitFileType = "compiled.mach-o.dylib"; path = libBaseClassesLib.dylib; sourceTree = BUILT_PRODUCTS_DIR; };
		C26888ED235E467200BEF8D3 /* OverridesMap.cpp */ = {isa = PBXFileReference; lastKnownFileType = sourcecode.cpp.cpp; path = OverridesMap.cpp; sourceTree = "<group>"; };
/* End PBXFileReference section */

/* Begin PBXFrameworksBuildPhase section */
		C26888CA235E3ECB00BEF8D3 /* Frameworks */ = {
			isa = PBXFrameworksBuildPhase;
			buildActionMask = 2147483647;
			files = (
				C26888EA235E427A00BEF8D3 /* libBaseClassesLib.dylib in Frameworks */,
			);
			runOnlyForDeploymentPostprocessing = 0;
		};
/* End PBXFrameworksBuildPhase section */

/* Begin PBXGroup section */
		C26888C3235E3ECB00BEF8D3 = {
			isa = PBXGroup;
			children = (
				C26888ED235E467200BEF8D3 /* OverridesMap.cpp */,
				C26888E4235E402300BEF8D3 /* View2.cpp */,
				C26888E5235E402300BEF8D3 /* View2.h */,
				C26888CD235E3ECB00BEF8D3 /* Products */,
				C26888E8235E427A00BEF8D3 /* Frameworks */,
			);
			sourceTree = "<group>";
		};
		C26888CD235E3ECB00BEF8D3 /* Products */ = {
			isa = PBXGroup;
			children = (
				C26888CC235E3ECB00BEF8D3 /* libOverridesLib.dylib */,
			);
			name = Products;
			sourceTree = "<group>";
		};
		C26888E8235E427A00BEF8D3 /* Frameworks */ = {
			isa = PBXGroup;
			children = (
				C26888E9235E427A00BEF8D3 /* libBaseClassesLib.dylib */,
			);
			name = Frameworks;
			sourceTree = "<group>";
		};
/* End PBXGroup section */

/* Begin PBXHeadersBuildPhase section */
		C26888C8235E3ECB00BEF8D3 /* Headers */ = {
			isa = PBXHeadersBuildPhase;
			buildActionMask = 2147483647;
			files = (
				C26888E7235E402300BEF8D3 /* View2.h in Headers */,
			);
			runOnlyForDeploymentPostprocessing = 0;
		};
/* End PBXHeadersBuildPhase section */

/* Begin PBXNativeTarget section */
		C26888CB235E3ECB00BEF8D3 /* OverridesLib */ = {
			isa = PBXNativeTarget;
			buildConfigurationList = C26888D0235E3ECB00BEF8D3 /* Build configuration list for PBXNativeTarget "OverridesLib" */;
			buildPhases = (
				C26888C8235E3ECB00BEF8D3 /* Headers */,
				C26888C9235E3ECB00BEF8D3 /* Sources */,
				C26888CA235E3ECB00BEF8D3 /* Frameworks */,
			);
			buildRules = (
			);
			dependencies = (
			);
			name = OverridesLib;
			productName = OverridesLib;
			productReference = C26888CC235E3ECB00BEF8D3 /* libOverridesLib.dylib */;
			productType = "com.apple.product-type.library.dynamic";
		};
/* End PBXNativeTarget section */

/* Begin PBXProject section */
		C26888C4235E3ECB00BEF8D3 /* Project object */ = {
			isa = PBXProject;
			attributes = {
				LastUpgradeCheck = 1020;
				ORGANIZATIONNAME = Saumya;
				TargetAttributes = {
					C26888CB235E3ECB00BEF8D3 = {
						CreatedOnToolsVersion = 10.2;
					};
				};
			};
			buildConfigurationList = C26888C7235E3ECB00BEF8D3 /* Build configuration list for PBXProject "OverridesLib" */;
			compatibilityVersion = "Xcode 9.3";
			developmentRegion = en;
			hasScannedForEncodings = 0;
			knownRegions = (
				en,
			);
			mainGroup = C26888C3235E3ECB00BEF8D3;
			productRefGroup = C26888CD235E3ECB00BEF8D3 /* Products */;
			projectDirPath = "";
			projectRoot = "";
			targets = (
				C26888CB235E3ECB00BEF8D3 /* OverridesLib */,
			);
		};
/* End PBXProject section */

/* Begin PBXSourcesBuildPhase section */
		C26888C9235E3ECB00BEF8D3 /* Sources */ = {
			isa = PBXSourcesBuildPhase;
			buildActionMask = 2147483647;
			files = (
				C26888EE235E467200BEF8D3 /* OverridesMap.cpp in Sources */,
				C26888E6235E402300BEF8D3 /* View2.cpp in Sources */,
			);
			runOnlyForDeploymentPostprocessing = 0;
		};
/* End PBXSourcesBuildPhase section */

/* Begin XCBuildConfiguration section */
		C26888CE235E3ECB00BEF8D3 /* Debug */ = {
			isa = XCBuildConfiguration;
			buildSettings = {
				ALWAYS_SEARCH_USER_PATHS = NO;
				CLANG_ANALYZER_NONNULL = YES;
				CLANG_ANALYZER_NUMBER_OBJECT_CONVERSION = YES_AGGRESSIVE;
				CLANG_CXX_LANGUAGE_STANDARD = "gnu++14";
				CLANG_CXX_LIBRARY = "libc++";
				CLANG_ENABLE_MODULES = YES;
				CLANG_ENABLE_OBJC_ARC = YES;
				CLANG_ENABLE_OBJC_WEAK = YES;
				CLANG_WARN_BLOCK_CAPTURE_AUTORELEASING = YES;
				CLANG_WARN_BOOL_CONVERSION = YES;
				CLANG_WARN_COMMA = YES;
				CLANG_WARN_CONSTANT_CONVERSION = YES;
				CLANG_WARN_DEPRECATED_OBJC_IMPLEMENTATIONS = YES;
				CLANG_WARN_DIRECT_OBJC_ISA_USAGE = YES_ERROR;
				CLANG_WARN_DOCUMENTATION_COMMENTS = YES;
				CLANG_WARN_EMPTY_BODY = YES;
				CLANG_WARN_ENUM_CONVERSION = YES;
				CLANG_WARN_INFINITE_RECURSION = YES;
				CLANG_WARN_INT_CONVERSION = YES;
				CLANG_WARN_NON_LITERAL_NULL_CONVERSION = YES;
				CLANG_WARN_OBJC_IMPLICIT_RETAIN_SELF = YES;
				CLANG_WARN_OBJC_LITERAL_CONVERSION = YES;
				CLANG_WARN_OBJC_ROOT_CLASS = YES_ERROR;
				CLANG_WARN_RANGE_LOOP_ANALYSIS = YES;
				CLANG_WARN_STRICT_PROTOTYPES = YES;
				CLANG_WARN_SUSPICIOUS_MOVE = YES;
				CLANG_WARN_UNGUARDED_AVAILABILITY = YES_AGGRESSIVE;
				CLANG_WARN_UNREACHABLE_CODE = YES;
				CLANG_WARN__DUPLICATE_METHOD_MATCH = YES;
				CODE_SIGN_IDENTITY = "Mac Developer";
				COPY_PHASE_STRIP = NO;
				DEBUG_INFORMATION_FORMAT = dwarf;
				ENABLE_STRICT_OBJC_MSGSEND = YES;
				ENABLE_TESTABILITY = YES;
				GCC_C_LANGUAGE_STANDARD = gnu11;
				GCC_DYNAMIC_NO_PIC = NO;
				GCC_NO_COMMON_BLOCKS = YES;
				GCC_OPTIMIZATION_LEVEL = 0;
				GCC_PREPROCESSOR_DEFINITIONS = (
					"DEBUG=1",
					"$(inherited)",
				);
				GCC_WARN_64_TO_32_BIT_CONVERSION = YES;
				GCC_WARN_ABOUT_RETURN_TYPE = YES_ERROR;
				GCC_WARN_UNDECLARED_SELECTOR = YES;
				GCC_WARN_UNINITIALIZED_AUTOS = YES_AGGRESSIVE;
				GCC_WARN_UNUSED_FUNCTION = YES;
				GCC_WARN_UNUSED_VARIABLE = YES;
				MACOSX_DEPLOYMENT_TARGET = 10.14;
				MTL_ENABLE_DEBUG_INFO = INCLUDE_SOURCE;
				MTL_FAST_MATH = YES;
				ONLY_ACTIVE_ARCH = YES;
				SDKROOT = macosx;
			};
			name = Debug;
		};
		C26888CF235E3ECB00BEF8D3 /* Release */ = {
			isa = XCBuildConfiguration;
			buildSettings = {
				ALWAYS_SEARCH_USER_PATHS = NO;
				CLANG_ANALYZER_NONNULL = YES;
				CLANG_ANALYZER_NUMBER_OBJECT_CONVERSION = YES_AGGRESSIVE;
				CLANG_CXX_LANGUAGE_STANDARD = "gnu++14";
				CLANG_CXX_LIBRARY = "libc++";
				CLANG_ENABLE_MODULES = YES;
				CLANG_ENABLE_OBJC_ARC = YES;
				CLANG_ENABLE_OBJC_WEAK = YES;
				CLANG_WARN_BLOCK_CAPTURE_AUTORELEASING = YES;
				CLANG_WARN_BOOL_CONVERSION = YES;
				CLANG_WARN_COMMA = YES;
				CLANG_WARN_CONSTANT_CONVERSION = YES;
				CLANG_WARN_DEPRECATED_OBJC_IMPLEMENTATIONS = YES;
				CLANG_WARN_DIRECT_OBJC_ISA_USAGE = YES_ERROR;
				CLANG_WARN_DOCUMENTATION_COMMENTS = YES;
				CLANG_WARN_EMPTY_BODY = YES;
				CLANG_WARN_ENUM_CONVERSION = YES;
				CLANG_WARN_INFINITE_RECURSION = YES;
				CLANG_WARN_INT_CONVERSION = YES;
				CLANG_WARN_NON_LITERAL_NULL_CONVERSION = YES;
				CLANG_WARN_OBJC_IMPLICIT_RETAIN_SELF = YES;
				CLANG_WARN_OBJC_LITERAL_CONVERSION = YES;
				CLANG_WARN_OBJC_ROOT_CLASS = YES_ERROR;
				CLANG_WARN_RANGE_LOOP_ANALYSIS = YES;
				CLANG_WARN_STRICT_PROTOTYPES = YES;
				CLANG_WARN_SUSPICIOUS_MOVE = YES;
				CLANG_WARN_UNGUARDED_AVAILABILITY = YES_AGGRESSIVE;
				CLANG_WARN_UNREACHABLE_CODE = YES;
				CLANG_WARN__DUPLICATE_METHOD_MATCH = YES;
				CODE_SIGN_IDENTITY = "Mac Developer";
				COPY_PHASE_STRIP = NO;
				DEBUG_INFORMATION_FORMAT = "dwarf-with-dsym";
				ENABLE_NS_ASSERTIONS = NO;
				ENABLE_STRICT_OBJC_MSGSEND = YES;
				GCC_C_LANGUAGE_STANDARD = gnu11;
				GCC_NO_COMMON_BLOCKS = YES;
				GCC_WARN_64_TO_32_BIT_CONVERSION = YES;
				GCC_WARN_ABOUT_RETURN_TYPE = YES_ERROR;
				GCC_WARN_UNDECLARED_SELECTOR = YES;
				GCC_WARN_UNINITIALIZED_AUTOS = YES_AGGRESSIVE;
				GCC_WARN_UNUSED_FUNCTION = YES;
				GCC_WARN_UNUSED_VARIABLE = YES;
				MACOSX_DEPLOYMENT_TARGET = 10.14;
				MTL_ENABLE_DEBUG_INFO = NO;
				MTL_FAST_MATH = YES;
				SDKROOT = macosx;
			};
			name = Release;
		};
		C26888D1235E3ECB00BEF8D3 /* Debug */ = {
			isa = XCBuildConfiguration;
			buildSettings = {
				CODE_SIGN_STYLE = Automatic;
				DEVELOPMENT_TEAM = AQ8NA7AGKD;
				DYLIB_COMPATIBILITY_VERSION = 1;
				DYLIB_CURRENT_VERSION = 1;
				EXECUTABLE_PREFIX = lib;
				HEADER_SEARCH_PATHS = ../BaseClassesLib;
				INSTALL_PATH = "@rpath";
				PRODUCT_NAME = "$(TARGET_NAME)";
				SKIP_INSTALL = YES;
			};
			name = Debug;
		};
		C26888D2235E3ECB00BEF8D3 /* Release */ = {
			isa = XCBuildConfiguration;
			buildSettings = {
				CODE_SIGN_STYLE = Automatic;
				DEVELOPMENT_TEAM = AQ8NA7AGKD;
				DYLIB_COMPATIBILITY_VERSION = 1;
				DYLIB_CURRENT_VERSION = 1;
				EXECUTABLE_PREFIX = lib;
				HEADER_SEARCH_PATHS = ../BaseClassesLib;
				INSTALL_PATH = "@rpath";
				PRODUCT_NAME = "$(TARGET_NAME)";
				SKIP_INSTALL = YES;
			};
			name = Release;
		};
/* End XCBuildConfiguration section */

/* Begin XCConfigurationList section */
		C26888C7235E3ECB00BEF8D3 /* Build configuration list for PBXProject "OverridesLib" */ = {
			isa = XCConfigurationList;
			buildConfigurations = (
				C26888CE235E3ECB00BEF8D3 /* Debug */,
				C26888CF235E3ECB00BEF8D3 /* Release */,
			);
			defaultConfigurationIsVisible = 0;
			defaultConfigurationName = Release;
		};
		C26888D0235E3ECB00BEF8D3 /* Build configuration list for PBXNativeTarget "OverridesLib" */ = {
			isa = XCConfigurationList;
			buildConfigurations = (
				C26888D1235E3ECB00BEF8D3 /* Debug */,
				C26888D2235E3ECB00BEF8D3 /* Release */,
			);
			defaultConfigurationIsVisible = 0;
			defaultConfigurationName = Release;
		};
/* End XCConfigurationList section */
	};
	rootObject = C26888C4235E3ECB00BEF8D3 /* Project object */;
}
